# This file was autogenerated by Stack.
# You should not edit this file by hand.
# For more information, please see the documentation at:
#   https://docs.haskellstack.org/en/stable/lock_files

packages:
- completed:
    size: 1564195
    subdir: worldturtle
    url: https://github.com/FortOyer/worldturtle-haskell/archive/e2752c75ba6ffd2eee428a65e51b3df51295faf3.tar.gz
    name: worldturtle
    version: 0.2.0.0
    sha256: 848c69aa9515dc17808006e6466dc7f9a00a41b71c6f9efd9023181a5263c1cc
    pantry-tree:
      size: 1212
      sha256: 1a0d2c3b05782e3e2ef8fe53c0da148b1e5caad737cd01469208291162e273e5
  original:
    subdir: worldturtle
    url: https://github.com/FortOyer/worldturtle-haskell/archive/e2752c75ba6ffd2eee428a65e51b3df51295faf3.tar.gz
snapshots:
- completed:
    size: 494635
    url: https://raw.githubusercontent.com/commercialhaskell/stackage-snapshots/master/lts/15/12.yaml
    sha256: a71c4293d8f461f455ff0d9815dfe4ab2f1adacd7e0bbc9a218f46ced8c4929a
  original: lts-15.12
